
Microsoft Visual Studio Solution File, Format Version 12.00
# Visual Studio Version 16
VisualStudioVersion = 16.0.30804.86
MinimumVisualStudioVersion = 10.0.40219.1
Project("{FAE04EC0-301F-11D3-BF4B-00C04F79EFBC}") = "BookInheritance", "BookInheritance\BookInheritance.csproj", "{F14D4176-FD9B-484C-997D-A79C40343A2F}"
EndProject
Global
	GlobalSection(SolutionConfigurationPlatforms) = preSolution
		Debug|Any CPU = Debug|Any CPU
		Release|Any CPU = Release|Any CPU
	EndGlobalSection
	GlobalSection(ProjectConfigurationPlatforms) = postSolution
		{F14D4176-FD9B-484C-997D-A79C40343A2F}.Debug|Any CPU.ActiveCfg = Debug|Any CPU
		{F14D4176-FD9B-484C-997D-A79C40343A2F}.Debug|Any CPU.Build.0 = Debug|Any CPU
		{F14D4176-FD9B-484C-997D-A79C40343A2F}.Release|Any CPU.ActiveCfg = Release|Any CPU
		{F14D4176-FD9B-484C-997D-A79C40343A2F}.Release|Any CPU.Build.0 = Release|Any CPU
	EndGlobalSection
	GlobalSection(SolutionProperties) = preSolution
		HideSolutionNode = FALSE
	EndGlobalSection
	GlobalSection(ExtensibilityGlobals) = postSolution
		SolutionGuid = {A89E82FD-5054-49CA-A43C-F2FAF44ADC91}
	EndGlobalSection
EndGlobal
